
Microsoft Visual Studio Solution File, Format Version 12.00
# Visual Studio Version 17
VisualStudioVersion = 17.4.33213.308
MinimumVisualStudioVersion = 10.0.40219.1
Project("{FAE04EC0-301F-11D3-BF4B-00C04F79EFBC}") = "StaticMethod", "StaticMethod\StaticMethod.csproj", "{0688753A-004E-4522-84B7-8885B32AE720}"
EndProject
Project("{FAE04EC0-301F-11D3-BF4B-00C04F79EFBC}") = "OtherAssembly", "OtherAssembly\OtherAssembly.csproj", "{D2EAA5F2-018E-4486-92B2-61C7776B9835}"
EndProject
Global
	GlobalSection(SolutionConfigurationPlatforms) = preSolution
		Debug|Any CPU = Debug|Any CPU
		Release|Any CPU = Release|Any CPU
	EndGlobalSection
	GlobalSection(ProjectConfigurationPlatforms) = postSolution
		{0688753A-004E-4522-84B7-8885B32AE720}.Debug|Any CPU.ActiveCfg = Debug|Any CPU
		{0688753A-004E-4522-84B7-8885B32AE720}.Debug|Any CPU.Build.0 = Debug|Any CPU
		{0688753A-004E-4522-84B7-8885B32AE720}.Release|Any CPU.ActiveCfg = Release|Any CPU
		{0688753A-004E-4522-84B7-8885B32AE720}.Release|Any CPU.Build.0 = Release|Any CPU
		{D2EAA5F2-018E-4486-92B2-61C7776B9835}.Debug|Any CPU.ActiveCfg = Debug|Any CPU
		{D2EAA5F2-018E-4486-92B2-61C7776B9835}.Debug|Any CPU.Build.0 = Debug|Any CPU
		{D2EAA5F2-018E-4486-92B2-61C7776B9835}.Release|Any CPU.ActiveCfg = Release|Any CPU
		{D2EAA5F2-018E-4486-92B2-61C7776B9835}.Release|Any CPU.Build.0 = Release|Any CPU
	EndGlobalSection
	GlobalSection(SolutionProperties) = preSolution
		HideSolutionNode = FALSE
	EndGlobalSection
	GlobalSection(ExtensibilityGlobals) = postSolution
		SolutionGuid = {E53AFB36-2EC4-46EF-BCC6-A8C39C2A5717}
	EndGlobalSection
EndGlobal
