
Microsoft Visual Studio Solution File, Format Version 12.00
# Visual Studio Version 17
VisualStudioVersion = 17.5.33516.290
MinimumVisualStudioVersion = 10.0.40219.1
Project("{FAE04EC0-301F-11D3-BF4B-00C04F79EFBC}") = "ListVsQueue", "ListVsQueue\ListVsQueue.csproj", "{B61F54CC-72C8-4FDC-934D-0DB1FEC59332}"
EndProject
Global
	GlobalSection(SolutionConfigurationPlatforms) = preSolution
		Debug|Any CPU = Debug|Any CPU
		Release|Any CPU = Release|Any CPU
	EndGlobalSection
	GlobalSection(ProjectConfigurationPlatforms) = postSolution
		{B61F54CC-72C8-4FDC-934D-0DB1FEC59332}.Debug|Any CPU.ActiveCfg = Debug|Any CPU
		{B61F54CC-72C8-4FDC-934D-0DB1FEC59332}.Debug|Any CPU.Build.0 = Debug|Any CPU
		{B61F54CC-72C8-4FDC-934D-0DB1FEC59332}.Release|Any CPU.ActiveCfg = Release|Any CPU
		{B61F54CC-72C8-4FDC-934D-0DB1FEC59332}.Release|Any CPU.Build.0 = Release|Any CPU
	EndGlobalSection
	GlobalSection(SolutionProperties) = preSolution
		HideSolutionNode = FALSE
	EndGlobalSection
	GlobalSection(ExtensibilityGlobals) = postSolution
		SolutionGuid = {52356F3C-3483-43B0-BB1B-CE2D900C325A}
	EndGlobalSection
EndGlobal
