
Microsoft Visual Studio Solution File, Format Version 12.00
# Visual Studio Version 17
VisualStudioVersion = 17.4.33213.308
MinimumVisualStudioVersion = 10.0.40219.1
Project("{FAE04EC0-301F-11D3-BF4B-00C04F79EFBC}") = "CSVFILE", "CSVFILE\CSVFILE.csproj", "{60E9ECAC-9CF3-43BD-9912-4E2032B144DE}"
EndProject
Global
	GlobalSection(SolutionConfigurationPlatforms) = preSolution
		Debug|Any CPU = Debug|Any CPU
		Release|Any CPU = Release|Any CPU
	EndGlobalSection
	GlobalSection(ProjectConfigurationPlatforms) = postSolution
		{60E9ECAC-9CF3-43BD-9912-4E2032B144DE}.Debug|Any CPU.ActiveCfg = Debug|Any CPU
		{60E9ECAC-9CF3-43BD-9912-4E2032B144DE}.Debug|Any CPU.Build.0 = Debug|Any CPU
		{60E9ECAC-9CF3-43BD-9912-4E2032B144DE}.Release|Any CPU.ActiveCfg = Release|Any CPU
		{60E9ECAC-9CF3-43BD-9912-4E2032B144DE}.Release|Any CPU.Build.0 = Release|Any CPU
	EndGlobalSection
	GlobalSection(SolutionProperties) = preSolution
		HideSolutionNode = FALSE
	EndGlobalSection
	GlobalSection(ExtensibilityGlobals) = postSolution
		SolutionGuid = {A56880CF-E6B0-4422-B122-2B33F432AEB1}
	EndGlobalSection
EndGlobal
