
Microsoft Visual Studio Solution File, Format Version 12.00
# Visual Studio Version 17
VisualStudioVersion = 17.4.33213.308
MinimumVisualStudioVersion = 10.0.40219.1
Project("{FAE04EC0-301F-11D3-BF4B-00C04F79EFBC}") = "scope", "scope\scope.csproj", "{4A228173-051E-4629-A037-C3E4A688F884}"
EndProject
Global
	GlobalSection(SolutionConfigurationPlatforms) = preSolution
		Debug|Any CPU = Debug|Any CPU
		Release|Any CPU = Release|Any CPU
	EndGlobalSection
	GlobalSection(ProjectConfigurationPlatforms) = postSolution
		{4A228173-051E-4629-A037-C3E4A688F884}.Debug|Any CPU.ActiveCfg = Debug|Any CPU
		{4A228173-051E-4629-A037-C3E4A688F884}.Debug|Any CPU.Build.0 = Debug|Any CPU
		{4A228173-051E-4629-A037-C3E4A688F884}.Release|Any CPU.ActiveCfg = Release|Any CPU
		{4A228173-051E-4629-A037-C3E4A688F884}.Release|Any CPU.Build.0 = Release|Any CPU
	EndGlobalSection
	GlobalSection(SolutionProperties) = preSolution
		HideSolutionNode = FALSE
	EndGlobalSection
	GlobalSection(ExtensibilityGlobals) = postSolution
		SolutionGuid = {E31D4B82-1231-456F-9D6A-0F84B0854BE1}
	EndGlobalSection
EndGlobal
