
Microsoft Visual Studio Solution File, Format Version 12.00
# Visual Studio Version 17
VisualStudioVersion = 17.5.33516.290
MinimumVisualStudioVersion = 10.0.40219.1
Project("{FAE04EC0-301F-11D3-BF4B-00C04F79EFBC}") = "Enum", "Enum\Enum.csproj", "{A22F1550-6A3E-4A91-A435-F1BC50E8A6B2}"
EndProject
Global
	GlobalSection(SolutionConfigurationPlatforms) = preSolution
		Debug|Any CPU = Debug|Any CPU
		Release|Any CPU = Release|Any CPU
	EndGlobalSection
	GlobalSection(ProjectConfigurationPlatforms) = postSolution
		{A22F1550-6A3E-4A91-A435-F1BC50E8A6B2}.Debug|Any CPU.ActiveCfg = Debug|Any CPU
		{A22F1550-6A3E-4A91-A435-F1BC50E8A6B2}.Debug|Any CPU.Build.0 = Debug|Any CPU
		{A22F1550-6A3E-4A91-A435-F1BC50E8A6B2}.Release|Any CPU.ActiveCfg = Release|Any CPU
		{A22F1550-6A3E-4A91-A435-F1BC50E8A6B2}.Release|Any CPU.Build.0 = Release|Any CPU
	EndGlobalSection
	GlobalSection(SolutionProperties) = preSolution
		HideSolutionNode = FALSE
	EndGlobalSection
	GlobalSection(ExtensibilityGlobals) = postSolution
		SolutionGuid = {395B285D-8491-473B-B8D3-44F7EC18CB2D}
	EndGlobalSection
EndGlobal
