
Microsoft Visual Studio Solution File, Format Version 12.00
# Visual Studio Version 17
VisualStudioVersion = 17.4.33213.308
MinimumVisualStudioVersion = 10.0.40219.1
Project("{FAE04EC0-301F-11D3-BF4B-00C04F79EFBC}") = "GettersSetters", "GettersSetters\GettersSetters.csproj", "{A55CA236-439B-4C21-9EE9-18A3B678799D}"
EndProject
Global
	GlobalSection(SolutionConfigurationPlatforms) = preSolution
		Debug|Any CPU = Debug|Any CPU
		Release|Any CPU = Release|Any CPU
	EndGlobalSection
	GlobalSection(ProjectConfigurationPlatforms) = postSolution
		{A55CA236-439B-4C21-9EE9-18A3B678799D}.Debug|Any CPU.ActiveCfg = Debug|Any CPU
		{A55CA236-439B-4C21-9EE9-18A3B678799D}.Debug|Any CPU.Build.0 = Debug|Any CPU
		{A55CA236-439B-4C21-9EE9-18A3B678799D}.Release|Any CPU.ActiveCfg = Release|Any CPU
		{A55CA236-439B-4C21-9EE9-18A3B678799D}.Release|Any CPU.Build.0 = Release|Any CPU
	EndGlobalSection
	GlobalSection(SolutionProperties) = preSolution
		HideSolutionNode = FALSE
	EndGlobalSection
	GlobalSection(ExtensibilityGlobals) = postSolution
		SolutionGuid = {7A6DB27A-0411-4796-91C6-0A412CCCE24A}
	EndGlobalSection
EndGlobal
